
Microsoft Visual Studio Solution File, Format Version 12.00
# Visual Studio 15
VisualStudioVersion = 15.0.28307.779
MinimumVisualStudioVersion = 10.0.40219.1
Project("{9A19103F-16F7-4668-BE54-9A1E7A4F7556}") = "BlueCat.Api", "BlueCat.Api\BlueCat.Api.csproj", "{BF27A4E1-00C0-4C64-9A55-88FC45A1224B}"
EndProject
Project("{9A19103F-16F7-4668-BE54-9A1E7A4F7556}") = "BuleCat.Common", "BuleCat.Common\BuleCat.Common.csproj", "{42A73314-936C-488A-9BC7-5CA77B560667}"
EndProject
Project("{9A19103F-16F7-4668-BE54-9A1E7A4F7556}") = "BlueCat.Contract", "BlueCat.Contract\BlueCat.Contract.csproj", "{4D9B4C39-FC4F-4EEB-8D4C-086A97505BC0}"
EndProject
Project("{9A19103F-16F7-4668-BE54-9A1E7A4F7556}") = "BlueCat.Service", "BlueCat.Service\BlueCat.Service.csproj", "{B177FF31-5D7E-4131-8F21-99B915803867}"
EndProject
Project("{9A19103F-16F7-4668-BE54-9A1E7A4F7556}") = "BlueCat.MySqlRepository", "BlueCat.MySqlRepository\BlueCat.MySqlRepository.csproj", "{1C82E6B6-8454-40F2-8C6C-855C20630550}"
EndProject
Project("{9A19103F-16F7-4668-BE54-9A1E7A4F7556}") = "BlueCat.Entity", "BlueCat.Entity\BlueCat.Entity.csproj", "{AE6986B0-8483-4FB5-AA8C-5FB79D260E40}"
EndProject
Project("{9A19103F-16F7-4668-BE54-9A1E7A4F7556}") = "MongoDB.Repository", "MongoDB.Repository\MongoDB.Repository.csproj", "{75E3D5B4-A1A6-4891-810F-452BA192BC11}"
EndProject
Project("{9A19103F-16F7-4668-BE54-9A1E7A4F7556}") = "BlueCat.Test", "BlueCat.Test\BlueCat.Test.csproj", "{D9062A52-D6B5-410E-B371-489EB5E5F415}"
EndProject
Project("{9A19103F-16F7-4668-BE54-9A1E7A4F7556}") = "MongoDB.Repository.IEntity", "MongoDB.Repository.IEntity\MongoDB.Repository.IEntity.csproj", "{DBA21B96-8BFC-40B9-A5DF-1C99E1662B06}"
EndProject
Project("{9A19103F-16F7-4668-BE54-9A1E7A4F7556}") = "BlueCat.Repository", "BlueCat.Repository\BlueCat.Repository.csproj", "{CA48CD66-18DF-4662-BC0E-6054BECE86EE}"
EndProject
Project("{9A19103F-16F7-4668-BE54-9A1E7A4F7556}") = "BlueCat.Extensions", "BlueCat.Extensions\BlueCat.Extensions.csproj", "{990646DC-0055-4C91-8C0C-FB0AD6FA0875}"
EndProject
Project("{9A19103F-16F7-4668-BE54-9A1E7A4F7556}") = "BlueCaNLog.Mongo", "BlueCaNLog.Mongo\BlueCaNLog.Mongo.csproj", "{872EF915-2BA5-4A16-AEE5-85F5FB320CBA}"
EndProject
Project("{9A19103F-16F7-4668-BE54-9A1E7A4F7556}") = "BlueCat.NLog", "BlueCat.NLog\BlueCat.NLog.csproj", "{F61E8DA0-3850-4961-99AD-DC81E25E376D}"
EndProject
Project("{2150E333-8FDC-42A3-9474-1A3956D46DE8}") = "Log", "Log", "{0B46714F-6C3C-4759-A898-836A0AB0F91F}"
EndProject
Project("{9A19103F-16F7-4668-BE54-9A1E7A4F7556}") = "BlueCat.GlobalCore", "BlueCat.GlobalCore\BlueCat.GlobalCore.csproj", "{B569558E-3540-4F98-99AF-27B6D7472DE5}"
EndProject
Project("{2150E333-8FDC-42A3-9474-1A3956D46DE8}") = "Core", "Core", "{9E2BA7DF-C4C4-4D83-8E91-EEB1B0D3B8AF}"
EndProject
Project("{2150E333-8FDC-42A3-9474-1A3956D46DE8}") = "Application", "Application", "{0FE6E2B3-2B71-4D07-9F2B-F43009517DFA}"
EndProject
Project("{2150E333-8FDC-42A3-9474-1A3956D46DE8}") = "Contract", "Contract", "{D87B18A2-79A1-441F-9128-C1FB21E89E4A}"
EndProject
Project("{2150E333-8FDC-42A3-9474-1A3956D46DE8}") = "Service", "Service", "{880A8A9F-71CF-46B5-9F82-9E79A27947EA}"
EndProject
Project("{2150E333-8FDC-42A3-9474-1A3956D46DE8}") = "Repository", "Repository", "{81C388D4-2809-404A-81A6-DC2290FCD2FA}"
EndProject
Project("{2150E333-8FDC-42A3-9474-1A3956D46DE8}") = "Test", "Test", "{D60E3483-1108-4468-9709-7003D17A8436}"
EndProject
Project("{2150E333-8FDC-42A3-9474-1A3956D46DE8}") = "Model", "Model", "{DEE72ECE-CE5C-46DE-995B-6EFCF9133909}"
EndProject
Project("{2150E333-8FDC-42A3-9474-1A3956D46DE8}") = "Extensions", "Extensions", "{2FE1354E-B323-4F1F-8BEE-8FA51A6622A7}"
EndProject
Project("{9A19103F-16F7-4668-BE54-9A1E7A4F7556}") = "BlueCat.ORM", "BlueCat.ORM\BlueCat.ORM.csproj", "{AD058D0E-7364-4309-AA84-35809DA800FF}"
EndProject
Project("{2150E333-8FDC-42A3-9474-1A3956D46DE8}") = "ORM", "ORM", "{361A6845-FEBA-4E1B-BF82-AD4ACE534299}"
EndProject
Project("{2150E333-8FDC-42A3-9474-1A3956D46DE8}") = "DataAccess", "DataAccess", "{F9C002A0-B5AC-48C3-A229-D64DBAE1D400}"
EndProject
Project("{9A19103F-16F7-4668-BE54-9A1E7A4F7556}") = "BlueCat.DataAccess", "BlueCat.DataAccess\BlueCat.DataAccess.csproj", "{DAEDF313-2FD3-43E6-B171-D3082A394258}"
EndProject
Project("{2150E333-8FDC-42A3-9474-1A3956D46DE8}") = "EventBus", "EventBus", "{0A0D0ED8-CB76-4C01-835F-412C2D683F8D}"
EndProject
Project("{FAE04EC0-301F-11D3-BF4B-00C04F79EFBC}") = "BlueCat.EventBus", "BlueCat.EventBus\BlueCat.EventBus.csproj", "{7E215EF3-B7F8-449D-818E-0D339B5B0E8A}"
EndProject
Project("{FAE04EC0-301F-11D3-BF4B-00C04F79EFBC}") = "BlueCat.EventBus.RabbitMQ", "BlueCat.EventBus.RabbitMQ\BlueCat.EventBus.RabbitMQ.csproj", "{C30ED224-773F-4717-8998-7F6445066716}"
EndProject
Project("{FAE04EC0-301F-11D3-BF4B-00C04F79EFBC}") = "BlueCat.RabbitMQ", "BlueCat.RabbitMQ\BlueCat.RabbitMQ.csproj", "{4E96E920-B6AA-40B9-ABFE-E43FFA5822A6}"
EndProject
Global
	GlobalSection(SolutionConfigurationPlatforms) = preSolution
		Debug|Any CPU = Debug|Any CPU
		Release|Any CPU = Release|Any CPU
	EndGlobalSection
	GlobalSection(ProjectConfigurationPlatforms) = postSolution
		{BF27A4E1-00C0-4C64-9A55-88FC45A1224B}.Debug|Any CPU.ActiveCfg = Debug|Any CPU
		{BF27A4E1-00C0-4C64-9A55-88FC45A1224B}.Debug|Any CPU.Build.0 = Debug|Any CPU
		{BF27A4E1-00C0-4C64-9A55-88FC45A1224B}.Release|Any CPU.ActiveCfg = Release|Any CPU
		{BF27A4E1-00C0-4C64-9A55-88FC45A1224B}.Release|Any CPU.Build.0 = Release|Any CPU
		{42A73314-936C-488A-9BC7-5CA77B560667}.Debug|Any CPU.ActiveCfg = Debug|Any CPU
		{42A73314-936C-488A-9BC7-5CA77B560667}.Debug|Any CPU.Build.0 = Debug|Any CPU
		{42A73314-936C-488A-9BC7-5CA77B560667}.Release|Any CPU.ActiveCfg = Release|Any CPU
		{42A73314-936C-488A-9BC7-5CA77B560667}.Release|Any CPU.Build.0 = Release|Any CPU
		{4D9B4C39-FC4F-4EEB-8D4C-086A97505BC0}.Debug|Any CPU.ActiveCfg = Debug|Any CPU
		{4D9B4C39-FC4F-4EEB-8D4C-086A97505BC0}.Debug|Any CPU.Build.0 = Debug|Any CPU
		{4D9B4C39-FC4F-4EEB-8D4C-086A97505BC0}.Release|Any CPU.ActiveCfg = Release|Any CPU
		{4D9B4C39-FC4F-4EEB-8D4C-086A97505BC0}.Release|Any CPU.Build.0 = Release|Any CPU
		{B177FF31-5D7E-4131-8F21-99B915803867}.Debug|Any CPU.ActiveCfg = Debug|Any CPU
		{B177FF31-5D7E-4131-8F21-99B915803867}.Debug|Any CPU.Build.0 = Debug|Any CPU
		{B177FF31-5D7E-4131-8F21-99B915803867}.Release|Any CPU.ActiveCfg = Release|Any CPU
		{B177FF31-5D7E-4131-8F21-99B915803867}.Release|Any CPU.Build.0 = Release|Any CPU
		{1C82E6B6-8454-40F2-8C6C-855C20630550}.Debug|Any CPU.ActiveCfg = Debug|Any CPU
		{1C82E6B6-8454-40F2-8C6C-855C20630550}.Debug|Any CPU.Build.0 = Debug|Any CPU
		{1C82E6B6-8454-40F2-8C6C-855C20630550}.Release|Any CPU.ActiveCfg = Release|Any CPU
		{1C82E6B6-8454-40F2-8C6C-855C20630550}.Release|Any CPU.Build.0 = Release|Any CPU
		{AE6986B0-8483-4FB5-AA8C-5FB79D260E40}.Debug|Any CPU.ActiveCfg = Debug|Any CPU
		{AE6986B0-8483-4FB5-AA8C-5FB79D260E40}.Debug|Any CPU.Build.0 = Debug|Any CPU
		{AE6986B0-8483-4FB5-AA8C-5FB79D260E40}.Release|Any CPU.ActiveCfg = Release|Any CPU
		{AE6986B0-8483-4FB5-AA8C-5FB79D260E40}.Release|Any CPU.Build.0 = Release|Any CPU
		{75E3D5B4-A1A6-4891-810F-452BA192BC11}.Debug|Any CPU.ActiveCfg = Debug|Any CPU
		{75E3D5B4-A1A6-4891-810F-452BA192BC11}.Debug|Any CPU.Build.0 = Debug|Any CPU
		{75E3D5B4-A1A6-4891-810F-452BA192BC11}.Release|Any CPU.ActiveCfg = Release|Any CPU
		{75E3D5B4-A1A6-4891-810F-452BA192BC11}.Release|Any CPU.Build.0 = Release|Any CPU
		{D9062A52-D6B5-410E-B371-489EB5E5F415}.Debug|Any CPU.ActiveCfg = Debug|Any CPU
		{D9062A52-D6B5-410E-B371-489EB5E5F415}.Debug|Any CPU.Build.0 = Debug|Any CPU
		{D9062A52-D6B5-410E-B371-489EB5E5F415}.Release|Any CPU.ActiveCfg = Release|Any CPU
		{D9062A52-D6B5-410E-B371-489EB5E5F415}.Release|Any CPU.Build.0 = Release|Any CPU
		{DBA21B96-8BFC-40B9-A5DF-1C99E1662B06}.Debug|Any CPU.ActiveCfg = Debug|Any CPU
		{DBA21B96-8BFC-40B9-A5DF-1C99E1662B06}.Debug|Any CPU.Build.0 = Debug|Any CPU
		{DBA21B96-8BFC-40B9-A5DF-1C99E1662B06}.Release|Any CPU.ActiveCfg = Release|Any CPU
		{DBA21B96-8BFC-40B9-A5DF-1C99E1662B06}.Release|Any CPU.Build.0 = Release|Any CPU
		{CA48CD66-18DF-4662-BC0E-6054BECE86EE}.Debug|Any CPU.ActiveCfg = Debug|Any CPU
		{CA48CD66-18DF-4662-BC0E-6054BECE86EE}.Debug|Any CPU.Build.0 = Debug|Any CPU
		{CA48CD66-18DF-4662-BC0E-6054BECE86EE}.Release|Any CPU.ActiveCfg = Release|Any CPU
		{CA48CD66-18DF-4662-BC0E-6054BECE86EE}.Release|Any CPU.Build.0 = Release|Any CPU
		{990646DC-0055-4C91-8C0C-FB0AD6FA0875}.Debug|Any CPU.ActiveCfg = Debug|Any CPU
		{990646DC-0055-4C91-8C0C-FB0AD6FA0875}.Debug|Any CPU.Build.0 = Debug|Any CPU
		{990646DC-0055-4C91-8C0C-FB0AD6FA0875}.Release|Any CPU.ActiveCfg = Release|Any CPU
		{990646DC-0055-4C91-8C0C-FB0AD6FA0875}.Release|Any CPU.Build.0 = Release|Any CPU
		{872EF915-2BA5-4A16-AEE5-85F5FB320CBA}.Debug|Any CPU.ActiveCfg = Debug|Any CPU
		{872EF915-2BA5-4A16-AEE5-85F5FB320CBA}.Debug|Any CPU.Build.0 = Debug|Any CPU
		{872EF915-2BA5-4A16-AEE5-85F5FB320CBA}.Release|Any CPU.ActiveCfg = Release|Any CPU
		{872EF915-2BA5-4A16-AEE5-85F5FB320CBA}.Release|Any CPU.Build.0 = Release|Any CPU
		{F61E8DA0-3850-4961-99AD-DC81E25E376D}.Debug|Any CPU.ActiveCfg = Debug|Any CPU
		{F61E8DA0-3850-4961-99AD-DC81E25E376D}.Debug|Any CPU.Build.0 = Debug|Any CPU
		{F61E8DA0-3850-4961-99AD-DC81E25E376D}.Release|Any CPU.ActiveCfg = Release|Any CPU
		{F61E8DA0-3850-4961-99AD-DC81E25E376D}.Release|Any CPU.Build.0 = Release|Any CPU
		{B569558E-3540-4F98-99AF-27B6D7472DE5}.Debug|Any CPU.ActiveCfg = Debug|Any CPU
		{B569558E-3540-4F98-99AF-27B6D7472DE5}.Debug|Any CPU.Build.0 = Debug|Any CPU
		{B569558E-3540-4F98-99AF-27B6D7472DE5}.Release|Any CPU.ActiveCfg = Release|Any CPU
		{B569558E-3540-4F98-99AF-27B6D7472DE5}.Release|Any CPU.Build.0 = Release|Any CPU
		{AD058D0E-7364-4309-AA84-35809DA800FF}.Debug|Any CPU.ActiveCfg = Debug|Any CPU
		{AD058D0E-7364-4309-AA84-35809DA800FF}.Debug|Any CPU.Build.0 = Debug|Any CPU
		{AD058D0E-7364-4309-AA84-35809DA800FF}.Release|Any CPU.ActiveCfg = Release|Any CPU
		{AD058D0E-7364-4309-AA84-35809DA800FF}.Release|Any CPU.Build.0 = Release|Any CPU
		{DAEDF313-2FD3-43E6-B171-D3082A394258}.Debug|Any CPU.ActiveCfg = Debug|Any CPU
		{DAEDF313-2FD3-43E6-B171-D3082A394258}.Debug|Any CPU.Build.0 = Debug|Any CPU
		{DAEDF313-2FD3-43E6-B171-D3082A394258}.Release|Any CPU.ActiveCfg = Release|Any CPU
		{DAEDF313-2FD3-43E6-B171-D3082A394258}.Release|Any CPU.Build.0 = Release|Any CPU
		{7E215EF3-B7F8-449D-818E-0D339B5B0E8A}.Debug|Any CPU.ActiveCfg = Debug|Any CPU
		{7E215EF3-B7F8-449D-818E-0D339B5B0E8A}.Debug|Any CPU.Build.0 = Debug|Any CPU
		{7E215EF3-B7F8-449D-818E-0D339B5B0E8A}.Release|Any CPU.ActiveCfg = Release|Any CPU
		{7E215EF3-B7F8-449D-818E-0D339B5B0E8A}.Release|Any CPU.Build.0 = Release|Any CPU
		{C30ED224-773F-4717-8998-7F6445066716}.Debug|Any CPU.ActiveCfg = Debug|Any CPU
		{C30ED224-773F-4717-8998-7F6445066716}.Debug|Any CPU.Build.0 = Debug|Any CPU
		{C30ED224-773F-4717-8998-7F6445066716}.Release|Any CPU.ActiveCfg = Release|Any CPU
		{C30ED224-773F-4717-8998-7F6445066716}.Release|Any CPU.Build.0 = Release|Any CPU
		{4E96E920-B6AA-40B9-ABFE-E43FFA5822A6}.Debug|Any CPU.ActiveCfg = Debug|Any CPU
		{4E96E920-B6AA-40B9-ABFE-E43FFA5822A6}.Debug|Any CPU.Build.0 = Debug|Any CPU
		{4E96E920-B6AA-40B9-ABFE-E43FFA5822A6}.Release|Any CPU.ActiveCfg = Release|Any CPU
		{4E96E920-B6AA-40B9-ABFE-E43FFA5822A6}.Release|Any CPU.Build.0 = Release|Any CPU
	EndGlobalSection
	GlobalSection(SolutionProperties) = preSolution
		HideSolutionNode = FALSE
	EndGlobalSection
	GlobalSection(NestedProjects) = preSolution
		{BF27A4E1-00C0-4C64-9A55-88FC45A1224B} = {0FE6E2B3-2B71-4D07-9F2B-F43009517DFA}
		{42A73314-936C-488A-9BC7-5CA77B560667} = {9E2BA7DF-C4C4-4D83-8E91-EEB1B0D3B8AF}
		{4D9B4C39-FC4F-4EEB-8D4C-086A97505BC0} = {D87B18A2-79A1-441F-9128-C1FB21E89E4A}
		{B177FF31-5D7E-4131-8F21-99B915803867} = {880A8A9F-71CF-46B5-9F82-9E79A27947EA}
		{1C82E6B6-8454-40F2-8C6C-855C20630550} = {81C388D4-2809-404A-81A6-DC2290FCD2FA}
		{AE6986B0-8483-4FB5-AA8C-5FB79D260E40} = {DEE72ECE-CE5C-46DE-995B-6EFCF9133909}
		{75E3D5B4-A1A6-4891-810F-452BA192BC11} = {361A6845-FEBA-4E1B-BF82-AD4ACE534299}
		{D9062A52-D6B5-410E-B371-489EB5E5F415} = {D60E3483-1108-4468-9709-7003D17A8436}
		{DBA21B96-8BFC-40B9-A5DF-1C99E1662B06} = {361A6845-FEBA-4E1B-BF82-AD4ACE534299}
		{CA48CD66-18DF-4662-BC0E-6054BECE86EE} = {81C388D4-2809-404A-81A6-DC2290FCD2FA}
		{990646DC-0055-4C91-8C0C-FB0AD6FA0875} = {2FE1354E-B323-4F1F-8BEE-8FA51A6622A7}
		{872EF915-2BA5-4A16-AEE5-85F5FB320CBA} = {0B46714F-6C3C-4759-A898-836A0AB0F91F}
		{F61E8DA0-3850-4961-99AD-DC81E25E376D} = {0B46714F-6C3C-4759-A898-836A0AB0F91F}
		{B569558E-3540-4F98-99AF-27B6D7472DE5} = {9E2BA7DF-C4C4-4D83-8E91-EEB1B0D3B8AF}
		{AD058D0E-7364-4309-AA84-35809DA800FF} = {361A6845-FEBA-4E1B-BF82-AD4ACE534299}
		{DAEDF313-2FD3-43E6-B171-D3082A394258} = {F9C002A0-B5AC-48C3-A229-D64DBAE1D400}
		{7E215EF3-B7F8-449D-818E-0D339B5B0E8A} = {0A0D0ED8-CB76-4C01-835F-412C2D683F8D}
		{C30ED224-773F-4717-8998-7F6445066716} = {0A0D0ED8-CB76-4C01-835F-412C2D683F8D}
		{4E96E920-B6AA-40B9-ABFE-E43FFA5822A6} = {0A0D0ED8-CB76-4C01-835F-412C2D683F8D}
	EndGlobalSection
	GlobalSection(ExtensibilityGlobals) = postSolution
		SolutionGuid = {B775415E-E6F0-43E1-9801-9E5138A223F0}
	EndGlobalSection
EndGlobal
